
Microsoft Visual Studio Solution File, Format Version 12.00
# Visual Studio Version 17
VisualStudioVersion = 17.14.36221.1 d17.14
MinimumVisualStudioVersion = 10.0.40219.1
Project("{FAE04EC0-301F-11D3-BF4B-00C04F79EFBC}") = "KampusLinkProje", "KampusLinkProje\KampusLinkProje.csproj", "{6DAF06A0-4D6C-457F-A295-9D7E4A19A3BE}"
EndProject
Global
	GlobalSection(SolutionConfigurationPlatforms) = preSolution
		Debug|Any CPU = Debug|Any CPU
		Release|Any CPU = Release|Any CPU
	EndGlobalSection
	GlobalSection(ProjectConfigurationPlatforms) = postSolution
		{6DAF06A0-4D6C-457F-A295-9D7E4A19A3BE}.Debug|Any CPU.ActiveCfg = Debug|Any CPU
		{6DAF06A0-4D6C-457F-A295-9D7E4A19A3BE}.Debug|Any CPU.Build.0 = Debug|Any CPU
		{6DAF06A0-4D6C-457F-A295-9D7E4A19A3BE}.Release|Any CPU.ActiveCfg = Release|Any CPU
		{6DAF06A0-4D6C-457F-A295-9D7E4A19A3BE}.Release|Any CPU.Build.0 = Release|Any CPU
	EndGlobalSection
	GlobalSection(SolutionProperties) = preSolution
		HideSolutionNode = FALSE
	EndGlobalSection
	GlobalSection(ExtensibilityGlobals) = postSolution
		SolutionGuid = {3394834C-C80F-4EE1-8A15-E1BBB59BBC37}
	EndGlobalSection
EndGlobal
